
Microsoft Visual Studio Solution File, Format Version 12.00
# Visual Studio 15
VisualStudioVersion = 15.0.27703.2026
MinimumVisualStudioVersion = 10.0.40219.1
Project("{FAE04EC0-301F-11D3-BF4B-00C04F79EFBC}") = "IBMPushOsV1.Android", "IBMPushOsV1\IBMPushOsV1.Android\IBMPushOsV1.Android.csproj", "{D97E900D-B879-460E-B648-E735EEA44621}"
EndProject
Project("{FAE04EC0-301F-11D3-BF4B-00C04F79EFBC}") = "IBMPushOsV1.iOS", "IBMPushOsV1\IBMPushOsV1.iOS\IBMPushOsV1.iOS.csproj", "{F80C2C2A-A58A-4125-96F2-66A55E689102}"
EndProject
Project("{FAE04EC0-301F-11D3-BF4B-00C04F79EFBC}") = "IBMPushOsV1", "IBMPushOsV1\IBMPushOsV1\IBMPushOsV1.csproj", "{96B20F4A-75A2-4798-8469-B2E994D2E9F6}"
EndProject
Global
	GlobalSection(SolutionConfigurationPlatforms) = preSolution
		Ad-Hoc|Any CPU = Ad-Hoc|Any CPU
		Ad-Hoc|iPhone = Ad-Hoc|iPhone
		Ad-Hoc|iPhoneSimulator = Ad-Hoc|iPhoneSimulator
		AppStore|Any CPU = AppStore|Any CPU
		AppStore|iPhone = AppStore|iPhone
		AppStore|iPhoneSimulator = AppStore|iPhoneSimulator
		Debug|Any CPU = Debug|Any CPU
		Debug|iPhone = Debug|iPhone
		Debug|iPhoneSimulator = Debug|iPhoneSimulator
		Release|Any CPU = Release|Any CPU
		Release|iPhone = Release|iPhone
		Release|iPhoneSimulator = Release|iPhoneSimulator
	EndGlobalSection
	GlobalSection(ProjectConfigurationPlatforms) = postSolution
		{D97E900D-B879-460E-B648-E735EEA44621}.Ad-Hoc|Any CPU.ActiveCfg = Release|Any CPU
		{D97E900D-B879-460E-B648-E735EEA44621}.Ad-Hoc|Any CPU.Build.0 = Release|Any CPU
		{D97E900D-B879-460E-B648-E735EEA44621}.Ad-Hoc|Any CPU.Deploy.0 = Release|Any CPU
		{D97E900D-B879-460E-B648-E735EEA44621}.Ad-Hoc|iPhone.ActiveCfg = Release|Any CPU
		{D97E900D-B879-460E-B648-E735EEA44621}.Ad-Hoc|iPhone.Build.0 = Release|Any CPU
		{D97E900D-B879-460E-B648-E735EEA44621}.Ad-Hoc|iPhone.Deploy.0 = Release|Any CPU
		{D97E900D-B879-460E-B648-E735EEA44621}.Ad-Hoc|iPhoneSimulator.ActiveCfg = Release|Any CPU
		{D97E900D-B879-460E-B648-E735EEA44621}.Ad-Hoc|iPhoneSimulator.Build.0 = Release|Any CPU
		{D97E900D-B879-460E-B648-E735EEA44621}.Ad-Hoc|iPhoneSimulator.Deploy.0 = Release|Any CPU
		{D97E900D-B879-460E-B648-E735EEA44621}.AppStore|Any CPU.ActiveCfg = Release|Any CPU
		{D97E900D-B879-460E-B648-E735EEA44621}.AppStore|Any CPU.Build.0 = Release|Any CPU
		{D97E900D-B879-460E-B648-E735EEA44621}.AppStore|Any CPU.Deploy.0 = Release|Any CPU
		{D97E900D-B879-460E-B648-E735EEA44621}.AppStore|iPhone.ActiveCfg = Release|Any CPU
		{D97E900D-B879-460E-B648-E735EEA44621}.AppStore|iPhone.Build.0 = Release|Any CPU
		{D97E900D-B879-460E-B648-E735EEA44621}.AppStore|iPhone.Deploy.0 = Release|Any CPU
		{D97E900D-B879-460E-B648-E735EEA44621}.AppStore|iPhoneSimulator.ActiveCfg = Release|Any CPU
		{D97E900D-B879-460E-B648-E735EEA44621}.AppStore|iPhoneSimulator.Build.0 = Release|Any CPU
		{D97E900D-B879-460E-B648-E735EEA44621}.AppStore|iPhoneSimulator.Deploy.0 = Release|Any CPU
		{D97E900D-B879-460E-B648-E735EEA44621}.Debug|Any CPU.ActiveCfg = Debug|Any CPU
		{D97E900D-B879-460E-B648-E735EEA44621}.Debug|Any CPU.Build.0 = Debug|Any CPU
		{D97E900D-B879-460E-B648-E735EEA44621}.Debug|Any CPU.Deploy.0 = Debug|Any CPU
		{D97E900D-B879-460E-B648-E735EEA44621}.Debug|iPhone.ActiveCfg = Debug|Any CPU
		{D97E900D-B879-460E-B648-E735EEA44621}.Debug|iPhone.Build.0 = Debug|Any CPU
		{D97E900D-B879-460E-B648-E735EEA44621}.Debug|iPhone.Deploy.0 = Debug|Any CPU
		{D97E900D-B879-460E-B648-E735EEA44621}.Debug|iPhoneSimulator.ActiveCfg = Debug|Any CPU
		{D97E900D-B879-460E-B648-E735EEA44621}.Debug|iPhoneSimulator.Build.0 = Debug|Any CPU
		{D97E900D-B879-460E-B648-E735EEA44621}.Debug|iPhoneSimulator.Deploy.0 = Debug|Any CPU
		{D97E900D-B879-460E-B648-E735EEA44621}.Release|Any CPU.ActiveCfg = Release|Any CPU
		{D97E900D-B879-460E-B648-E735EEA44621}.Release|Any CPU.Build.0 = Release|Any CPU
		{D97E900D-B879-460E-B648-E735EEA44621}.Release|Any CPU.Deploy.0 = Release|Any CPU
		{D97E900D-B879-460E-B648-E735EEA44621}.Release|iPhone.ActiveCfg = Release|Any CPU
		{D97E900D-B879-460E-B648-E735EEA44621}.Release|iPhone.Build.0 = Release|Any CPU
		{D97E900D-B879-460E-B648-E735EEA44621}.Release|iPhone.Deploy.0 = Release|Any CPU
		{D97E900D-B879-460E-B648-E735EEA44621}.Release|iPhoneSimulator.ActiveCfg = Release|Any CPU
		{D97E900D-B879-460E-B648-E735EEA44621}.Release|iPhoneSimulator.Build.0 = Release|Any CPU
		{D97E900D-B879-460E-B648-E735EEA44621}.Release|iPhoneSimulator.Deploy.0 = Release|Any CPU
		{F80C2C2A-A58A-4125-96F2-66A55E689102}.Ad-Hoc|Any CPU.ActiveCfg = Ad-Hoc|iPhone
		{F80C2C2A-A58A-4125-96F2-66A55E689102}.Ad-Hoc|Any CPU.Build.0 = Ad-Hoc|iPhone
		{F80C2C2A-A58A-4125-96F2-66A55E689102}.Ad-Hoc|Any CPU.Deploy.0 = Ad-Hoc|iPhone
		{F80C2C2A-A58A-4125-96F2-66A55E689102}.Ad-Hoc|iPhone.ActiveCfg = Ad-Hoc|iPhone
		{F80C2C2A-A58A-4125-96F2-66A55E689102}.Ad-Hoc|iPhone.Build.0 = Ad-Hoc|iPhone
		{F80C2C2A-A58A-4125-96F2-66A55E689102}.Ad-Hoc|iPhone.Deploy.0 = Ad-Hoc|iPhone
		{F80C2C2A-A58A-4125-96F2-66A55E689102}.Ad-Hoc|iPhoneSimulator.ActiveCfg = Ad-Hoc|iPhoneSimulator
		{F80C2C2A-A58A-4125-96F2-66A55E689102}.Ad-Hoc|iPhoneSimulator.Build.0 = Ad-Hoc|iPhoneSimulator
		{F80C2C2A-A58A-4125-96F2-66A55E689102}.Ad-Hoc|iPhoneSimulator.Deploy.0 = Ad-Hoc|iPhoneSimulator
		{F80C2C2A-A58A-4125-96F2-66A55E689102}.AppStore|Any CPU.ActiveCfg = AppStore|iPhone
		{F80C2C2A-A58A-4125-96F2-66A55E689102}.AppStore|Any CPU.Build.0 = AppStore|iPhone
		{F80C2C2A-A58A-4125-96F2-66A55E689102}.AppStore|Any CPU.Deploy.0 = AppStore|iPhone
		{F80C2C2A-A58A-4125-96F2-66A55E689102}.AppStore|iPhone.ActiveCfg = AppStore|iPhone
		{F80C2C2A-A58A-4125-96F2-66A55E689102}.AppStore|iPhone.Build.0 = AppStore|iPhone
		{F80C2C2A-A58A-4125-96F2-66A55E689102}.AppStore|iPhone.Deploy.0 = AppStore|iPhone
		{F80C2C2A-A58A-4125-96F2-66A55E689102}.AppStore|iPhoneSimulator.ActiveCfg = AppStore|iPhoneSimulator
		{F80C2C2A-A58A-4125-96F2-66A55E689102}.AppStore|iPhoneSimulator.Build.0 = AppStore|iPhoneSimulator
		{F80C2C2A-A58A-4125-96F2-66A55E689102}.AppStore|iPhoneSimulator.Deploy.0 = AppStore|iPhoneSimulator
		{F80C2C2A-A58A-4125-96F2-66A55E689102}.Debug|Any CPU.ActiveCfg = Debug|iPhoneSimulator
		{F80C2C2A-A58A-4125-96F2-66A55E689102}.Debug|Any CPU.Build.0 = Debug|iPhoneSimulator
		{F80C2C2A-A58A-4125-96F2-66A55E689102}.Debug|Any CPU.Deploy.0 = Debug|iPhoneSimulator
		{F80C2C2A-A58A-4125-96F2-66A55E689102}.Debug|iPhone.ActiveCfg = Debug|iPhone
		{F80C2C2A-A58A-4125-96F2-66A55E689102}.Debug|iPhone.Build.0 = Debug|iPhone
		{F80C2C2A-A58A-4125-96F2-66A55E689102}.Debug|iPhone.Deploy.0 = Debug|iPhone
		{F80C2C2A-A58A-4125-96F2-66A55E689102}.Debug|iPhoneSimulator.ActiveCfg = Debug|iPhoneSimulator
		{F80C2C2A-A58A-4125-96F2-66A55E689102}.Debug|iPhoneSimulator.Build.0 = Debug|iPhoneSimulator
		{F80C2C2A-A58A-4125-96F2-66A55E689102}.Debug|iPhoneSimulator.Deploy.0 = Debug|iPhoneSimulator
		{F80C2C2A-A58A-4125-96F2-66A55E689102}.Release|Any CPU.ActiveCfg = Release|iPhone
		{F80C2C2A-A58A-4125-96F2-66A55E689102}.Release|Any CPU.Build.0 = Release|iPhone
		{F80C2C2A-A58A-4125-96F2-66A55E689102}.Release|Any CPU.Deploy.0 = Release|iPhone
		{F80C2C2A-A58A-4125-96F2-66A55E689102}.Release|iPhone.ActiveCfg = Release|iPhone
		{F80C2C2A-A58A-4125-96F2-66A55E689102}.Release|iPhone.Build.0 = Release|iPhone
		{F80C2C2A-A58A-4125-96F2-66A55E689102}.Release|iPhone.Deploy.0 = Release|iPhone
		{F80C2C2A-A58A-4125-96F2-66A55E689102}.Release|iPhoneSimulator.ActiveCfg = Release|iPhoneSimulator
		{F80C2C2A-A58A-4125-96F2-66A55E689102}.Release|iPhoneSimulator.Build.0 = Release|iPhoneSimulator
		{F80C2C2A-A58A-4125-96F2-66A55E689102}.Release|iPhoneSimulator.Deploy.0 = Release|iPhoneSimulator
		{96B20F4A-75A2-4798-8469-B2E994D2E9F6}.Ad-Hoc|Any CPU.ActiveCfg = Debug|Any CPU
		{96B20F4A-75A2-4798-8469-B2E994D2E9F6}.Ad-Hoc|Any CPU.Build.0 = Debug|Any CPU
		{96B20F4A-75A2-4798-8469-B2E994D2E9F6}.Ad-Hoc|Any CPU.Deploy.0 = Debug|Any CPU
		{96B20F4A-75A2-4798-8469-B2E994D2E9F6}.Ad-Hoc|iPhone.ActiveCfg = Debug|Any CPU
		{96B20F4A-75A2-4798-8469-B2E994D2E9F6}.Ad-Hoc|iPhone.Build.0 = Debug|Any CPU
		{96B20F4A-75A2-4798-8469-B2E994D2E9F6}.Ad-Hoc|iPhone.Deploy.0 = Debug|Any CPU
		{96B20F4A-75A2-4798-8469-B2E994D2E9F6}.Ad-Hoc|iPhoneSimulator.ActiveCfg = Debug|Any CPU
		{96B20F4A-75A2-4798-8469-B2E994D2E9F6}.Ad-Hoc|iPhoneSimulator.Build.0 = Debug|Any CPU
		{96B20F4A-75A2-4798-8469-B2E994D2E9F6}.Ad-Hoc|iPhoneSimulator.Deploy.0 = Debug|Any CPU
		{96B20F4A-75A2-4798-8469-B2E994D2E9F6}.AppStore|Any CPU.ActiveCfg = Debug|Any CPU
		{96B20F4A-75A2-4798-8469-B2E994D2E9F6}.AppStore|Any CPU.Build.0 = Debug|Any CPU
		{96B20F4A-75A2-4798-8469-B2E994D2E9F6}.AppStore|Any CPU.Deploy.0 = Debug|Any CPU
		{96B20F4A-75A2-4798-8469-B2E994D2E9F6}.AppStore|iPhone.ActiveCfg = Debug|Any CPU
		{96B20F4A-75A2-4798-8469-B2E994D2E9F6}.AppStore|iPhone.Build.0 = Debug|Any CPU
		{96B20F4A-75A2-4798-8469-B2E994D2E9F6}.AppStore|iPhone.Deploy.0 = Debug|Any CPU
		{96B20F4A-75A2-4798-8469-B2E994D2E9F6}.AppStore|iPhoneSimulator.ActiveCfg = Debug|Any CPU
		{96B20F4A-75A2-4798-8469-B2E994D2E9F6}.AppStore|iPhoneSimulator.Build.0 = Debug|Any CPU
		{96B20F4A-75A2-4798-8469-B2E994D2E9F6}.AppStore|iPhoneSimulator.Deploy.0 = Debug|Any CPU
		{96B20F4A-75A2-4798-8469-B2E994D2E9F6}.Debug|Any CPU.ActiveCfg = Debug|Any CPU
		{96B20F4A-75A2-4798-8469-B2E994D2E9F6}.Debug|Any CPU.Build.0 = Debug|Any CPU
		{96B20F4A-75A2-4798-8469-B2E994D2E9F6}.Debug|Any CPU.Deploy.0 = Debug|Any CPU
		{96B20F4A-75A2-4798-8469-B2E994D2E9F6}.Debug|iPhone.ActiveCfg = Debug|Any CPU
		{96B20F4A-75A2-4798-8469-B2E994D2E9F6}.Debug|iPhone.Build.0 = Debug|Any CPU
		{96B20F4A-75A2-4798-8469-B2E994D2E9F6}.Debug|iPhone.Deploy.0 = Debug|Any CPU
		{96B20F4A-75A2-4798-8469-B2E994D2E9F6}.Debug|iPhoneSimulator.ActiveCfg = Debug|Any CPU
		{96B20F4A-75A2-4798-8469-B2E994D2E9F6}.Debug|iPhoneSimulator.Build.0 = Debug|Any CPU
		{96B20F4A-75A2-4798-8469-B2E994D2E9F6}.Debug|iPhoneSimulator.Deploy.0 = Debug|Any CPU
		{96B20F4A-75A2-4798-8469-B2E994D2E9F6}.Release|Any CPU.ActiveCfg = Release|Any CPU
		{96B20F4A-75A2-4798-8469-B2E994D2E9F6}.Release|Any CPU.Build.0 = Release|Any CPU
		{96B20F4A-75A2-4798-8469-B2E994D2E9F6}.Release|Any CPU.Deploy.0 = Release|Any CPU
		{96B20F4A-75A2-4798-8469-B2E994D2E9F6}.Release|iPhone.ActiveCfg = Release|Any CPU
		{96B20F4A-75A2-4798-8469-B2E994D2E9F6}.Release|iPhone.Build.0 = Release|Any CPU
		{96B20F4A-75A2-4798-8469-B2E994D2E9F6}.Release|iPhone.Deploy.0 = Release|Any CPU
		{96B20F4A-75A2-4798-8469-B2E994D2E9F6}.Release|iPhoneSimulator.ActiveCfg = Release|Any CPU
		{96B20F4A-75A2-4798-8469-B2E994D2E9F6}.Release|iPhoneSimulator.Build.0 = Release|Any CPU
		{96B20F4A-75A2-4798-8469-B2E994D2E9F6}.Release|iPhoneSimulator.Deploy.0 = Release|Any CPU
	EndGlobalSection
	GlobalSection(SolutionProperties) = preSolution
		HideSolutionNode = FALSE
	EndGlobalSection
	GlobalSection(ExtensibilityGlobals) = postSolution
		SolutionGuid = {B915499E-05D2-4FA1-AD24-F4E251A48EA4}
	EndGlobalSection
EndGlobal
